
Microsoft Visual Studio Solution File, Format Version 12.00
# Visual Studio Version 17
VisualStudioVersion = 17.5.33530.505
MinimumVisualStudioVersion = 10.0.40219.1
Project("{FAE04EC0-301F-11D3-BF4B-00C04F79EFBC}") = "CSharpPractice", "CSharpPractice.csproj", "{8FE21A28-844A-42BD-8F46-B97EC221A577}"
EndProject
Project("{2150E333-8FDC-42A3-9474-1A3956D46DE8}") = "Tests", "Tests", "{D19FD9AE-C592-4070-AB6D-83430BC73DB5}"
EndProject
Project("{FAE04EC0-301F-11D3-BF4B-00C04F79EFBC}") = "Customer.Test", "..\Customet.Test\Customer.Test.csproj", "{1383B6FA-536E-4BDD-A649-C632B27CDCCB}"
EndProject
Global
	GlobalSection(SolutionConfigurationPlatforms) = preSolution
		Debug|Any CPU = Debug|Any CPU
		Release|Any CPU = Release|Any CPU
	EndGlobalSection
	GlobalSection(ProjectConfigurationPlatforms) = postSolution
		{8FE21A28-844A-42BD-8F46-B97EC221A577}.Debug|Any CPU.ActiveCfg = Debug|Any CPU
		{8FE21A28-844A-42BD-8F46-B97EC221A577}.Debug|Any CPU.Build.0 = Debug|Any CPU
		{8FE21A28-844A-42BD-8F46-B97EC221A577}.Release|Any CPU.ActiveCfg = Release|Any CPU
		{8FE21A28-844A-42BD-8F46-B97EC221A577}.Release|Any CPU.Build.0 = Release|Any CPU
		{1383B6FA-536E-4BDD-A649-C632B27CDCCB}.Debug|Any CPU.ActiveCfg = Debug|Any CPU
		{1383B6FA-536E-4BDD-A649-C632B27CDCCB}.Debug|Any CPU.Build.0 = Debug|Any CPU
		{1383B6FA-536E-4BDD-A649-C632B27CDCCB}.Release|Any CPU.ActiveCfg = Release|Any CPU
		{1383B6FA-536E-4BDD-A649-C632B27CDCCB}.Release|Any CPU.Build.0 = Release|Any CPU
	EndGlobalSection
	GlobalSection(SolutionProperties) = preSolution
		HideSolutionNode = FALSE
	EndGlobalSection
	GlobalSection(NestedProjects) = preSolution
		{1383B6FA-536E-4BDD-A649-C632B27CDCCB} = {D19FD9AE-C592-4070-AB6D-83430BC73DB5}
	EndGlobalSection
	GlobalSection(ExtensibilityGlobals) = postSolution
		SolutionGuid = {934AFC0F-2DF2-458B-8AAA-C3BA8A2CD99A}
	EndGlobalSection
EndGlobal
